
Microsoft Visual Studio Solution File, Format Version 12.00
Project("{FAE04EC0-301F-11D3-BF4B-00C04F79EFBC}") = "RoyalApps.Community.ExternalApps.WinForms", "RoyalApps.Community.ExternalApps.WinForms\RoyalApps.Community.ExternalApps.WinForms.csproj", "{227B7609-B92F-4909-A5AC-6E686AFAC4C6}"
EndProject
Project("{2150E333-8FDC-42A3-9474-1A3956D46DE8}") = "Solution Items", "Solution Items", "{39554EB4-C148-4446-AC14-1D8B039D2D7A}"
	ProjectSection(SolutionItems) = preProject
		..\.gitignore = ..\.gitignore
		..\README.md = ..\README.md
	EndProjectSection
EndProject
Project("{FAE04EC0-301F-11D3-BF4B-00C04F79EFBC}") = "RoyalApps.Community.ExternalApps.WinForms.Demo", "RoyalApps.Community.ExternalApps.WinForms.Demo\RoyalApps.Community.ExternalApps.WinForms.Demo.csproj", "{CBE784BB-78AD-42C1-894B-3EF0D9B5424D}"
EndProject
Project("{FAE04EC0-301F-11D3-BF4B-00C04F79EFBC}") = "RoyalApps.Community.ExternalApps.WinForms.DxDemo", "RoyalApps.Community.ExternalApps.WinForms.DxDemo\RoyalApps.Community.ExternalApps.WinForms.DxDemo.csproj", "{A2C830EA-9D62-4233-B718-4CBCC8CDFC7E}"
EndProject
Global
	GlobalSection(SolutionConfigurationPlatforms) = preSolution
		Debug|Any CPU = Debug|Any CPU
		Release|Any CPU = Release|Any CPU
	EndGlobalSection
	GlobalSection(ProjectConfigurationPlatforms) = postSolution
		{227B7609-B92F-4909-A5AC-6E686AFAC4C6}.Debug|Any CPU.ActiveCfg = Debug|Any CPU
		{227B7609-B92F-4909-A5AC-6E686AFAC4C6}.Debug|Any CPU.Build.0 = Debug|Any CPU
		{227B7609-B92F-4909-A5AC-6E686AFAC4C6}.Release|Any CPU.ActiveCfg = Release|Any CPU
		{227B7609-B92F-4909-A5AC-6E686AFAC4C6}.Release|Any CPU.Build.0 = Release|Any CPU
		{CBE784BB-78AD-42C1-894B-3EF0D9B5424D}.Debug|Any CPU.ActiveCfg = Debug|Any CPU
		{CBE784BB-78AD-42C1-894B-3EF0D9B5424D}.Debug|Any CPU.Build.0 = Debug|Any CPU
		{CBE784BB-78AD-42C1-894B-3EF0D9B5424D}.Release|Any CPU.ActiveCfg = Release|Any CPU
		{CBE784BB-78AD-42C1-894B-3EF0D9B5424D}.Release|Any CPU.Build.0 = Release|Any CPU
		{A2C830EA-9D62-4233-B718-4CBCC8CDFC7E}.Debug|Any CPU.ActiveCfg = Debug|Any CPU
		{A2C830EA-9D62-4233-B718-4CBCC8CDFC7E}.Debug|Any CPU.Build.0 = Debug|Any CPU
		{A2C830EA-9D62-4233-B718-4CBCC8CDFC7E}.Release|Any CPU.ActiveCfg = Release|Any CPU
		{A2C830EA-9D62-4233-B718-4CBCC8CDFC7E}.Release|Any CPU.Build.0 = Release|Any CPU
	EndGlobalSection
EndGlobal
