<Solution>
  <Folder Name="/Solution Items/">
    <File Path="..\.gitignore" />
    <File Path="..\README.md" />
  </Folder>
  <Project Path="RoyalApps.Community.ExternalApps.WinForms.Demo\RoyalApps.Community.ExternalApps.WinForms.Demo.csproj" />
  <Project Path="RoyalApps.Community.ExternalApps.WinForms\RoyalApps.Community.ExternalApps.WinForms.csproj" />
</Solution>